github.com/alecthomas/assert/v2 v2.2.1 h1:XivOgYcduV98QCahG8T5XTezV5bylXe+lBxLG2K2ink=
github.com/alecthomas/assert/v2 v2.2.1/go.mod h1:pXcQ2Asjp247dahGEmsZ6ru0UVwnkhktn7S0bBDLxvQ=
github.com/alecthomas/chroma/v2 v2.11.2-0.20231125215231-234600703bc3 h1:/5X9ym+pGvfUxipTMNU/DEWXib1L3ZEGdK6zOuthlIY=
github.com/alecthomas/chroma/v2 v2.11.2-0.20231125215231-234600703bc3/go.mod h1:4TQu7gdfuPjSh76j78ietmqh9LiurGF0EpseFXdKMBw=
github.com/alecthomas/repr v0.2.0 h1:HAzS41CIzNW5syS8Mf9UwXhNH1J9aix/BvDRf1Ml2Yk=
github.com/alecthomas/repr v0.2.0/go.mod h1:Fr0507jx4eOXV7AlPV6AVZLYrLIuIeSOWtW57eE/O/4=
github.com/dlclark/regexp2 v1.10.0 h1:+/GIL799phkJqYW+3YbOd8LCcbHzT0Pbo8zl70MHsq0=
github.com/dlclark/regexp2 v1.10.0/go.mod h1:DHkYz0B9wPfa6wondMfaivmHpzrQ3v9q8cnmRbL6yW8=
github.com/hexops/gotextdiff v1.0.3 h1:gitA9+qJrrTCsiCl7+kh75nPqQt1cx4ZkudSTLoUqJM=
github.com/hexops/gotextdiff v1.0.3/go.mod h1:pSWU5MAI3yDq+fZBTazCSJysOMbxWL1BSow5/V2vxeg=
github.com/russross/blackfriday v1.5.3-0.20190616195246-a925a152c144 h1:DSnT5th1+S65UVOwp617oI2lNQ01UFeoArsU8c2b6h0=
github.com/russross/blackfriday v1.5.3-0.20190616195246-a925a152c144/go.mod h1:JO/DiYxRf+HjHt06OyowR9PTA263kcR/rfWxYHBV53g=
