github.com/alecthomas/assert/v2 v2.2.1 h1:XivOgYcduV98QCahG8T5XTezV5bylXe+lBxLG2K2ink=
github.com/alecthomas/assert/v2 v2.2.1/go.mod h1:pXcQ2Asjp247dahGEmsZ6ru0UVwnkhktn7S0bBDLxvQ=
github.com/alecthomas/chroma/v2 v2.8.1-0.20230630111921-971f5c6a5d02 h1:LWnystg8gdK/8xY5hPLnQUy4U7YvVRszppCKxXpS7/Q=
github.com/alecthomas/chroma/v2 v2.8.1-0.20230630111921-971f5c6a5d02/go.mod h1:yrkMI9807G1ROx13fhe1v6PN2DDeaR73L3d+1nmYQtw=
github.com/alecthomas/repr v0.2.0 h1:HAzS41CIzNW5syS8Mf9UwXhNH1J9aix/BvDRf1Ml2Yk=
github.com/alecthomas/repr v0.2.0/go.mod h1:Fr0507jx4eOXV7AlPV6AVZLYrLIuIeSOWtW57eE/O/4=
github.com/dlclark/regexp2 v1.4.0/go.mod h1:2pZnwuY/m+8K6iRw6wQdMtk+rH5tNGR1i55kozfMjCc=
github.com/dlclark/regexp2 v1.9.0 h1:pTK/l/3qYIKaRXuHnEnIf7Y5NxfRPfpb7dis6/gdlVI=
github.com/dlclark/regexp2 v1.9.0/go.mod h1:DHkYz0B9wPfa6wondMfaivmHpzrQ3v9q8cnmRbL6yW8=
github.com/hexops/gotextdiff v1.0.3 h1:gitA9+qJrrTCsiCl7+kh75nPqQt1cx4ZkudSTLoUqJM=
github.com/hexops/gotextdiff v1.0.3/go.mod h1:pSWU5MAI3yDq+fZBTazCSJysOMbxWL1BSow5/V2vxeg=
github.com/russross/blackfriday v1.5.3-0.20190616195246-a925a152c144 h1:DSnT5th1+S65UVOwp617oI2lNQ01UFeoArsU8c2b6h0=
github.com/russross/blackfriday v1.5.3-0.20190616195246-a925a152c144/go.mod h1:JO/DiYxRf+HjHt06OyowR9PTA263kcR/rfWxYHBV53g=
